
Microsoft Visual Studio Solution File, Format Version 12.00
# Visual Studio Version 17
VisualStudioVersion = 17.10.35004.147
MinimumVisualStudioVersion = 10.0.40219.1
Project("{FAE04EC0-301F-11D3-BF4B-00C04F79EFBC}") = "AIJobCoaches.API", "AIJobCoaches.API\AIJobCoaches.API.csproj", "{CADFC6EE-EEB7-48D8-AF74-C002238ECCF7}"
EndProject
Project("{FAE04EC0-301F-11D3-BF4B-00C04F79EFBC}") = "AIJobCoaches.Application", "AIJobCoaches.Application\AIJobCoaches.Application.csproj", "{0820E7BA-21BA-4BA4-89AD-C21DBF8E8698}"
EndProject
Project("{FAE04EC0-301F-11D3-BF4B-00C04F79EFBC}") = "AIJobCoaches.Domain", "AIJobCoaches.Domain\AIJobCoaches.Domain.csproj", "{A6DFE077-8025-47F2-AD11-7BA12FFC2FDF}"
EndProject
Project("{FAE04EC0-301F-11D3-BF4B-00C04F79EFBC}") = "AIJobCoaches.Infrastructure", "AIJobCoaches.Infrastructure\AIJobCoaches.Infrastructure.csproj", "{29E475E4-352D-4269-B385-43DBAFA9EE2E}"
EndProject
Project("{FAE04EC0-301F-11D3-BF4B-00C04F79EFBC}") = "AIJobCoaches.Worker", "AIJobCoaches.Worker\AIJobCoaches.Worker.csproj", "{A1F6A964-EF5D-4F4B-86E8-C39168B315B5}"
EndProject
Global
	GlobalSection(SolutionConfigurationPlatforms) = preSolution
		Debug|Any CPU = Debug|Any CPU
		Release|Any CPU = Release|Any CPU
	EndGlobalSection
	GlobalSection(ProjectConfigurationPlatforms) = postSolution
		{CADFC6EE-EEB7-48D8-AF74-C002238ECCF7}.Debug|Any CPU.ActiveCfg = Debug|Any CPU
		{CADFC6EE-EEB7-48D8-AF74-C002238ECCF7}.Debug|Any CPU.Build.0 = Debug|Any CPU
		{CADFC6EE-EEB7-48D8-AF74-C002238ECCF7}.Release|Any CPU.ActiveCfg = Release|Any CPU
		{CADFC6EE-EEB7-48D8-AF74-C002238ECCF7}.Release|Any CPU.Build.0 = Release|Any CPU
		{0820E7BA-21BA-4BA4-89AD-C21DBF8E8698}.Debug|Any CPU.ActiveCfg = Debug|Any CPU
		{0820E7BA-21BA-4BA4-89AD-C21DBF8E8698}.Debug|Any CPU.Build.0 = Debug|Any CPU
		{0820E7BA-21BA-4BA4-89AD-C21DBF8E8698}.Release|Any CPU.ActiveCfg = Release|Any CPU
		{0820E7BA-21BA-4BA4-89AD-C21DBF8E8698}.Release|Any CPU.Build.0 = Release|Any CPU
		{A6DFE077-8025-47F2-AD11-7BA12FFC2FDF}.Debug|Any CPU.ActiveCfg = Debug|Any CPU
		{A6DFE077-8025-47F2-AD11-7BA12FFC2FDF}.Debug|Any CPU.Build.0 = Debug|Any CPU
		{A6DFE077-8025-47F2-AD11-7BA12FFC2FDF}.Release|Any CPU.ActiveCfg = Release|Any CPU
		{A6DFE077-8025-47F2-AD11-7BA12FFC2FDF}.Release|Any CPU.Build.0 = Release|Any CPU
		{29E475E4-352D-4269-B385-43DBAFA9EE2E}.Debug|Any CPU.ActiveCfg = Debug|Any CPU
		{29E475E4-352D-4269-B385-43DBAFA9EE2E}.Debug|Any CPU.Build.0 = Debug|Any CPU
		{29E475E4-352D-4269-B385-43DBAFA9EE2E}.Release|Any CPU.ActiveCfg = Release|Any CPU
		{29E475E4-352D-4269-B385-43DBAFA9EE2E}.Release|Any CPU.Build.0 = Release|Any CPU
		{A1F6A964-EF5D-4F4B-86E8-C39168B315B5}.Debug|Any CPU.ActiveCfg = Debug|Any CPU
		{A1F6A964-EF5D-4F4B-86E8-C39168B315B5}.Debug|Any CPU.Build.0 = Debug|Any CPU
		{A1F6A964-EF5D-4F4B-86E8-C39168B315B5}.Release|Any CPU.ActiveCfg = Release|Any CPU
		{A1F6A964-EF5D-4F4B-86E8-C39168B315B5}.Release|Any CPU.Build.0 = Release|Any CPU
	EndGlobalSection
	GlobalSection(SolutionProperties) = preSolution
		HideSolutionNode = FALSE
	EndGlobalSection
	GlobalSection(ExtensibilityGlobals) = postSolution
		SolutionGuid = {A345DA4F-D327-43EF-B739-6F3936693C2E}
	EndGlobalSection
EndGlobal
